
Microsoft Visual Studio Solution File, Format Version 12.00
# Visual Studio Version 17
VisualStudioVersion = 17.4.33403.182
MinimumVisualStudioVersion = 10.0.40219.1
Project("{FAE04EC0-301F-11D3-BF4B-00C04F79EFBC}") = "ContextSwitchPoc", "ContextSwitchPoc\ContextSwitchPoc.csproj", "{F966C76F-E1EA-4548-8198-4CCDBD0C9B9D}"
EndProject
Global
	GlobalSection(SolutionConfigurationPlatforms) = preSolution
		Debug|Any CPU = Debug|Any CPU
		Release|Any CPU = Release|Any CPU
	EndGlobalSection
	GlobalSection(ProjectConfigurationPlatforms) = postSolution
		{F966C76F-E1EA-4548-8198-4CCDBD0C9B9D}.Debug|Any CPU.ActiveCfg = Debug|Any CPU
		{F966C76F-E1EA-4548-8198-4CCDBD0C9B9D}.Debug|Any CPU.Build.0 = Debug|Any CPU
		{F966C76F-E1EA-4548-8198-4CCDBD0C9B9D}.Release|Any CPU.ActiveCfg = Release|Any CPU
		{F966C76F-E1EA-4548-8198-4CCDBD0C9B9D}.Release|Any CPU.Build.0 = Release|Any CPU
	EndGlobalSection
	GlobalSection(SolutionProperties) = preSolution
		HideSolutionNode = FALSE
	EndGlobalSection
	GlobalSection(ExtensibilityGlobals) = postSolution
		SolutionGuid = {99C83D66-74C6-45E9-8F50-EADA5E6A39B7}
	EndGlobalSection
EndGlobal
